
Microsoft Visual Studio Solution File, Format Version 12.00
# Visual Studio 15
VisualStudioVersion = 15.0.28010.2026
MinimumVisualStudioVersion = 10.0.40219.1
Project("{FAE04EC0-301F-11D3-BF4B-00C04F79EFBC}") = "GifHandle", "GifHandle\GifHandle.csproj", "{C2890D9A-82CF-4F0B-80EE-CC61291F5CAB}"
EndProject
Global
	GlobalSection(SolutionConfigurationPlatforms) = preSolution
		Debug|Any CPU = Debug|Any CPU
		Release|Any CPU = Release|Any CPU
	EndGlobalSection
	GlobalSection(ProjectConfigurationPlatforms) = postSolution
		{C2890D9A-82CF-4F0B-80EE-CC61291F5CAB}.Debug|Any CPU.ActiveCfg = Debug|Any CPU
		{C2890D9A-82CF-4F0B-80EE-CC61291F5CAB}.Debug|Any CPU.Build.0 = Debug|Any CPU
		{C2890D9A-82CF-4F0B-80EE-CC61291F5CAB}.Release|Any CPU.ActiveCfg = Release|Any CPU
		{C2890D9A-82CF-4F0B-80EE-CC61291F5CAB}.Release|Any CPU.Build.0 = Release|Any CPU
	EndGlobalSection
	GlobalSection(SolutionProperties) = preSolution
		HideSolutionNode = FALSE
	EndGlobalSection
	GlobalSection(ExtensibilityGlobals) = postSolution
		SolutionGuid = {1A853821-B8D3-439F-8738-9C1657EB970A}
	EndGlobalSection
EndGlobal
